# THIS IS AN AUTOGENERATED FILE. DO NOT EDIT THIS FILE DIRECTLY.
# yarn lockfile v1


"@types/google.script.client-side@0.1.5":
  version "0.1.5"
  resolved "https://registry.yarnpkg.com/@types/google.script.client-side/-/google.script.client-side-0.1.5.tgz#93e4ecb023df5eb8158b9a29f30d43d7bb928e85"
  integrity sha512-GCQUVOtRTm13ieBw64AlxRhNAZqK0T1ttFRGqCB80tdlvE72oXlPckYJjJaEeaNCAZJHVkvjOeXMkmKXaQ7ffw==

gas-client@^1.0.0-pr.2:
  version "1.2.1"
  resolved "https://registry.yarnpkg.com/gas-client/-/gas-client-1.2.1.tgz#ff258247b3d54c2e195f05098a736cb5160cb571"
  integrity sha512-+ApPQ2DaimtmG9dNRR/+uAOzVsYzlGJI+6zqWvsWH7k1hU3ui8+LQQouRcZwRqUt8auk8ctoK2e6L7kthOvETA==
  dependencies:
    uuid "^9.0.0"

typescript@5.7.3:
  version "5.7.3"
  resolved "https://registry.yarnpkg.com/typescript/-/typescript-5.7.3.tgz#919b44a7dbb8583a9b856d162be24a54bf80073e"
  integrity sha512-84MVSjMEHP+FQRPy3pX9sTVV/INIex71s9TL2Gm5FG/WG1SqXeKyZ0k7/blY/4FdOzI12CBy1vGc4og/eus0fw==

uuid@^9.0.0:
  version "9.0.1"
  resolved "https://registry.yarnpkg.com/uuid/-/uuid-9.0.1.tgz#e188d4c8853cc722220392c424cd637f32293f30"
  integrity sha512-b+1eJOlsR9K8HJpow9Ok3fiWOWSIcIzXodvv0rQjVoOVNpWMpxf1wZNpt4y9h10odCNrqnYp1OBzRktckBe3sA==
