# THIS IS AN AUTOGENERATED FILE. DO NOT EDIT THIS FILE DIRECTLY.
# yarn lockfile v1


"@types/google.script.client-side@0.1.5":
  version "0.1.5"
  resolved "https://registry.yarnpkg.com/@types/google.script.client-side/-/google.script.client-side-0.1.5.tgz#93e4ecb023df5eb8158b9a29f30d43d7bb928e85"
  integrity sha512-GCQUVOtRTm13ieBw64AlxRhNAZqK0T1ttFRGqCB80tdlvE72oXlPckYJjJaEeaNCAZJHVkvjOeXMkmKXaQ7ffw==

gas-client@^1.0.0-pr.2:
  version "1.1.1"
  resolved "https://registry.yarnpkg.com/gas-client/-/gas-client-1.1.1.tgz#0cde9de6fb285a5a84ba5553998202eb149787bc"
  integrity sha512-2ALu3Go94uGI/KZy06sJmpXYVPOYLTR3Jd6s8+KAU9OlqxGfJ/1OiEXEeo8SU9dHEcnPEQjgmQQ2lUU9nu35hw==
  dependencies:
    uuid "^9.0.0"

typescript@5.7.3:
  version "5.7.3"
  resolved "https://registry.yarnpkg.com/typescript/-/typescript-5.7.3.tgz#919b44a7dbb8583a9b856d162be24a54bf80073e"
  integrity sha512-84MVSjMEHP+FQRPy3pX9sTVV/INIex71s9TL2Gm5FG/WG1SqXeKyZ0k7/blY/4FdOzI12CBy1vGc4og/eus0fw==

uuid@^9.0.0:
  version "9.0.0"
  resolved "https://registry.yarnpkg.com/uuid/-/uuid-9.0.0.tgz#592f550650024a38ceb0c562f2f6aa435761efb5"
  integrity sha512-MXcSTerfPa4uqyzStbRoTgt5XIe3x5+42+q1sDuy3R5MDk66URdLMOZe5aPX/SQd+kuYAh0FdP/pO28IkQyTeg==
