# THIS IS AN AUTOGENERATED FILE. DO NOT EDIT THIS FILE DIRECTLY.
# yarn lockfile v1


"@types/google.script.client-side@0.1.5":
  version "0.1.5"
  resolved "https://registry.yarnpkg.com/@types/google.script.client-side/-/google.script.client-side-0.1.5.tgz#93e4ecb023df5eb8158b9a29f30d43d7bb928e85"
  integrity sha512-GCQUVOtRTm13ieBw64AlxRhNAZqK0T1ttFRGqCB80tdlvE72oXlPckYJjJaEeaNCAZJHVkvjOeXMkmKXaQ7ffw==

gas-client@^1.0.0-pr.2:
  version "1.1.1"
  resolved "https://registry.yarnpkg.com/gas-client/-/gas-client-1.1.1.tgz#0cde9de6fb285a5a84ba5553998202eb149787bc"
  integrity sha512-2ALu3Go94uGI/KZy06sJmpXYVPOYLTR3Jd6s8+KAU9OlqxGfJ/1OiEXEeo8SU9dHEcnPEQjgmQQ2lUU9nu35hw==
  dependencies:
    uuid "^9.0.0"

typescript@5.4.2:
  version "5.4.2"
  resolved "https://registry.yarnpkg.com/typescript/-/typescript-5.4.2.tgz#0ae9cebcfae970718474fe0da2c090cad6577372"
  integrity sha512-+2/g0Fds1ERlP6JsakQQDXjZdZMM+rqpamFZJEKh4kwTIn3iDkgKtby0CeNd5ATNZ4Ry1ax15TMx0W2V+miizQ==

uuid@^9.0.0:
  version "9.0.0"
  resolved "https://registry.yarnpkg.com/uuid/-/uuid-9.0.0.tgz#592f550650024a38ceb0c562f2f6aa435761efb5"
  integrity sha512-MXcSTerfPa4uqyzStbRoTgt5XIe3x5+42+q1sDuy3R5MDk66URdLMOZe5aPX/SQd+kuYAh0FdP/pO28IkQyTeg==
